// !$*UTF8*$!
{
	archiveVersion = 1;
	classes = {
	};
	objectVersion = 46;
	objects = {

/* Begin PBXBuildFile section */
		109258B81F2F3405003B9B7B /* AppDelegate.swift in Sources */ = {isa = PBXBuildFile; fileRef = 109258B71F2F3405003B9B7B /* AppDelegate.swift */; };
		109258BD1F2F3405003B9B7B /* Main.storyboard in Resources */ = {isa = PBXBuildFile; fileRef = 109258BB1F2F3405003B9B7B /* Main.storyboard */; };
		109258BF1F2F3405003B9B7B /* Assets.xcassets in Resources */ = {isa = PBXBuildFile; fileRef = 109258BE1F2F3405003B9B7B /* Assets.xcassets */; };
		109258C21F2F3405003B9B7B /* LaunchScreen.storyboard in Resources */ = {isa = PBXBuildFile; fileRef = 109258C01F2F3405003B9B7B /* LaunchScreen.storyboard */; };
		109258CD1F2F3405003B9B7B /* TopStackTests.swift in Sources */ = {isa = PBXBuildFile; fileRef = 109258CC1F2F3405003B9B7B /* TopStackTests.swift */; };
		109258DA1F2F34EF003B9B7B /* UsersListViewController.swift in Sources */ = {isa = PBXBuildFile; fileRef = 109258D91F2F34EF003B9B7B /* UsersListViewController.swift */; };
		109258DC1F2F3728003B9B7B /* UserTableViewCell.swift in Sources */ = {isa = PBXBuildFile; fileRef = 109258DB1F2F3728003B9B7B /* UserTableViewCell.swift */; };
		109258E11F2F390A003B9B7B /* StackUsersAPI.swift in Sources */ = {isa = PBXBuildFile; fileRef = 109258E01F2F390A003B9B7B /* StackUsersAPI.swift */; };
		109258E41F2F391C003B9B7B /* JSONParser.swift in Sources */ = {isa = PBXBuildFile; fileRef = 109258E31F2F391C003B9B7B /* JSONParser.swift */; };
		109258E61F2F3938003B9B7B /* StackUser.swift in Sources */ = {isa = PBXBuildFile; fileRef = 109258E51F2F3938003B9B7B /* StackUser.swift */; };
		109258E91F2F395E003B9B7B /* StackUsersDataSource.swift in Sources */ = {isa = PBXBuildFile; fileRef = 109258E81F2F395E003B9B7B /* StackUsersDataSource.swift */; };
/* End PBXBuildFile section */

/* Begin PBXContainerItemProxy section */
		109258C91F2F3405003B9B7B /* PBXContainerItemProxy */ = {
			isa = PBXContainerItemProxy;
			containerPortal = 109258AC1F2F3405003B9B7B /* Project object */;
			proxyType = 1;
			remoteGlobalIDString = 109258B31F2F3405003B9B7B;
			remoteInfo = TopStack;
		};
/* End PBXContainerItemProxy section */

/* Begin PBXFileReference section */
		109258B41F2F3405003B9B7B /* TopStack.app */ = {isa = PBXFileReference; explicitFileType = wrapper.application; includeInIndex = 0; path = TopStack.app; sourceTree = BUILT_PRODUCTS_DIR; };
		109258B71F2F3405003B9B7B /* AppDelegate.swift */ = {isa = PBXFileReference; lastKnownFileType = sourcecode.swift; path = AppDelegate.swift; sourceTree = "<group>"; };
		109258BC1F2F3405003B9B7B /* Base */ = {isa = PBXFileReference; lastKnownFileType = file.storyboard; name = Base; path = Base.lproj/Main.storyboard; sourceTree = "<group>"; };
		109258BE1F2F3405003B9B7B /* Assets.xcassets */ = {isa = PBXFileReference; lastKnownFileType = folder.assetcatalog; path = Assets.xcassets; sourceTree = "<group>"; };
		109258C11F2F3405003B9B7B /* Base */ = {isa = PBXFileReference; lastKnownFileType = file.storyboard; name = Base; path = Base.lproj/LaunchScreen.storyboard; sourceTree = "<group>"; };
		109258C31F2F3405003B9B7B /* Info.plist */ = {isa = PBXFileReference; lastKnownFileType = text.plist.xml; path = Info.plist; sourceTree = "<group>"; };
		109258C81F2F3405003B9B7B /* TopStackTests.xctest */ = {isa = PBXFileReference; explicitFileType = wrapper.cfbundle; includeInIndex = 0; path = TopStackTests.xctest; sourceTree = BUILT_PRODUCTS_DIR; };
		109258CC1F2F3405003B9B7B /* TopStackTests.swift */ = {isa = PBXFileReference; lastKnownFileType = sourcecode.swift; path = TopStackTests.swift; sourceTree = "<group>"; };
		109258CE1F2F3405003B9B7B /* Info.plist */ = {isa = PBXFileReference; lastKnownFileType = text.plist.xml; path = Info.plist; sourceTree = "<group>"; };
		109258D91F2F34EF003B9B7B /* UsersListViewController.swift */ = {isa = PBXFileReference; fileEncoding = 4; lastKnownFileType = sourcecode.swift; name = UsersListViewController.swift; path = ../UsersListViewController.swift; sourceTree = "<group>"; };
		109258DB1F2F3728003B9B7B /* UserTableViewCell.swift */ = {isa = PBXFileReference; fileEncoding = 4; lastKnownFileType = sourcecode.swift; path = UserTableViewCell.swift; sourceTree = "<group>"; };
		109258E01F2F390A003B9B7B /* StackUsersAPI.swift */ = {isa = PBXFileReference; fileEncoding = 4; lastKnownFileType = sourcecode.swift; path = StackUsersAPI.swift; sourceTree = "<group>"; };
		109258E31F2F391C003B9B7B /* JSONParser.swift */ = {isa = PBXFileReference; fileEncoding = 4; lastKnownFileType = sourcecode.swift; path = JSONParser.swift; sourceTree = "<group>"; };
		109258E51F2F3938003B9B7B /* StackUser.swift */ = {isa = PBXFileReference; fileEncoding = 4; lastKnownFileType = sourcecode.swift; path = StackUser.swift; sourceTree = "<group>"; };
		109258E81F2F395E003B9B7B /* StackUsersDataSource.swift */ = {isa = PBXFileReference; fileEncoding = 4; lastKnownFileType = sourcecode.swift; path = StackUsersDataSource.swift; sourceTree = "<group>"; };
/* End PBXFileReference section */

/* Begin PBXFrameworksBuildPhase section */
		109258B11F2F3405003B9B7B /* Frameworks */ = {
			isa = PBXFrameworksBuildPhase;
			buildActionMask = 2147483647;
			files = (
			);
			runOnlyForDeploymentPostprocessing = 0;
		};
		109258C51F2F3405003B9B7B /* Frameworks */ = {
			isa = PBXFrameworksBuildPhase;
			buildActionMask = 2147483647;
			files = (
			);
			runOnlyForDeploymentPostprocessing = 0;
		};
/* End PBXFrameworksBuildPhase section */

/* Begin PBXGroup section */
		109258AB1F2F3405003B9B7B = {
			isa = PBXGroup;
			children = (
				109258B61F2F3405003B9B7B /* TopStack */,
				109258CB1F2F3405003B9B7B /* TopStackTests */,
				109258B51F2F3405003B9B7B /* Products */,
			);
			sourceTree = "<group>";
		};
		109258B51F2F3405003B9B7B /* Products */ = {
			isa = PBXGroup;
			children = (
				109258B41F2F3405003B9B7B /* TopStack.app */,
				109258C81F2F3405003B9B7B /* TopStackTests.xctest */,
			);
			name = Products;
			sourceTree = "<group>";
		};
		109258B61F2F3405003B9B7B /* TopStack */ = {
			isa = PBXGroup;
			children = (
				109258B71F2F3405003B9B7B /* AppDelegate.swift */,
				109258BB1F2F3405003B9B7B /* Main.storyboard */,
				109258DD1F2F3804003B9B7B /* Views */,
				109258E71F2F393D003B9B7B /* Model */,
				109258E21F2F390F003B9B7B /* Networking */,
				109258BE1F2F3405003B9B7B /* Assets.xcassets */,
				109258C01F2F3405003B9B7B /* LaunchScreen.storyboard */,
				109258C31F2F3405003B9B7B /* Info.plist */,
			);
			path = TopStack;
			sourceTree = "<group>";
		};
		109258CB1F2F3405003B9B7B /* TopStackTests */ = {
			isa = PBXGroup;
			children = (
				109258CC1F2F3405003B9B7B /* TopStackTests.swift */,
				109258CE1F2F3405003B9B7B /* Info.plist */,
			);
			path = TopStackTests;
			sourceTree = "<group>";
		};
		109258DD1F2F3804003B9B7B /* Views */ = {
			isa = PBXGroup;
			children = (
				109258D91F2F34EF003B9B7B /* UsersListViewController.swift */,
				109258DB1F2F3728003B9B7B /* UserTableViewCell.swift */,
			);
			name = Views;
			sourceTree = "<group>";
		};
		109258E21F2F390F003B9B7B /* Networking */ = {
			isa = PBXGroup;
			children = (
				109258E01F2F390A003B9B7B /* StackUsersAPI.swift */,
				109258E31F2F391C003B9B7B /* JSONParser.swift */,
			);
			name = Networking;
			sourceTree = "<group>";
		};
		109258E71F2F393D003B9B7B /* Model */ = {
			isa = PBXGroup;
			children = (
				109258E81F2F395E003B9B7B /* StackUsersDataSource.swift */,
				109258E51F2F3938003B9B7B /* StackUser.swift */,
			);
			name = Model;
			sourceTree = "<group>";
		};
/* End PBXGroup section */

/* Begin PBXNativeTarget section */
		109258B31F2F3405003B9B7B /* TopStack */ = {
			isa = PBXNativeTarget;
			buildConfigurationList = 109258D11F2F3405003B9B7B /* Build configuration list for PBXNativeTarget "TopStack" */;
			buildPhases = (
				109258B01F2F3405003B9B7B /* Sources */,
				109258B11F2F3405003B9B7B /* Frameworks */,
				109258B21F2F3405003B9B7B /* Resources */,
			);
			buildRules = (
			);
			dependencies = (
			);
			name = TopStack;
			productName = TopStack;
			productReference = 109258B41F2F3405003B9B7B /* TopStack.app */;
			productType = "com.apple.product-type.application";
		};
		109258C71F2F3405003B9B7B /* TopStackTests */ = {
			isa = PBXNativeTarget;
			buildConfigurationList = 109258D41F2F3405003B9B7B /* Build configuration list for PBXNativeTarget "TopStackTests" */;
			buildPhases = (
				109258C41F2F3405003B9B7B /* Sources */,
				109258C51F2F3405003B9B7B /* Frameworks */,
				109258C61F2F3405003B9B7B /* Resources */,
			);
			buildRules = (
			);
			dependencies = (
				109258CA1F2F3405003B9B7B /* PBXTargetDependency */,
			);
			name = TopStackTests;
			productName = TopStackTests;
			productReference = 109258C81F2F3405003B9B7B /* TopStackTests.xctest */;
			productType = "com.apple.product-type.bundle.unit-test";
		};
/* End PBXNativeTarget section */

/* Begin PBXProject section */
		109258AC1F2F3405003B9B7B /* Project object */ = {
			isa = PBXProject;
			attributes = {
				LastSwiftUpdateCheck = 0830;
				LastUpgradeCheck = 0830;
				ORGANIZATIONNAME = "Mike Gilroy";
				TargetAttributes = {
					109258B31F2F3405003B9B7B = {
						CreatedOnToolsVersion = 8.3.3;
						DevelopmentTeam = MXD8E5FVZ4;
						ProvisioningStyle = Automatic;
					};
					109258C71F2F3405003B9B7B = {
						CreatedOnToolsVersion = 8.3.3;
						DevelopmentTeam = MXD8E5FVZ4;
						ProvisioningStyle = Automatic;
						TestTargetID = 109258B31F2F3405003B9B7B;
					};
				};
			};
			buildConfigurationList = 109258AF1F2F3405003B9B7B /* Build configuration list for PBXProject "TopStack" */;
			compatibilityVersion = "Xcode 3.2";
			developmentRegion = English;
			hasScannedForEncodings = 0;
			knownRegions = (
				en,
				Base,
			);
			mainGroup = 109258AB1F2F3405003B9B7B;
			productRefGroup = 109258B51F2F3405003B9B7B /* Products */;
			projectDirPath = "";
			projectRoot = "";
			targets = (
				109258B31F2F3405003B9B7B /* TopStack */,
				109258C71F2F3405003B9B7B /* TopStackTests */,
			);
		};
/* End PBXProject section */

/* Begin PBXResourcesBuildPhase section */
		109258B21F2F3405003B9B7B /* Resources */ = {
			isa = PBXResourcesBuildPhase;
			buildActionMask = 2147483647;
			files = (
				109258C21F2F3405003B9B7B /* LaunchScreen.storyboard in Resources */,
				109258BF1F2F3405003B9B7B /* Assets.xcassets in Resources */,
				109258BD1F2F3405003B9B7B /* Main.storyboard in Resources */,
			);
			runOnlyForDeploymentPostprocessing = 0;
		};
		109258C61F2F3405003B9B7B /* Resources */ = {
			isa = PBXResourcesBuildPhase;
			buildActionMask = 2147483647;
			files = (
			);
			runOnlyForDeploymentPostprocessing = 0;
		};
/* End PBXResourcesBuildPhase section */

/* Begin PBXSourcesBuildPhase section */
		109258B01F2F3405003B9B7B /* Sources */ = {
			isa = PBXSourcesBuildPhase;
			buildActionMask = 2147483647;
			files = (
				109258E11F2F390A003B9B7B /* StackUsersAPI.swift in Sources */,
				109258E41F2F391C003B9B7B /* JSONParser.swift in Sources */,
				109258B81F2F3405003B9B7B /* AppDelegate.swift in Sources */,
				109258DC1F2F3728003B9B7B /* UserTableViewCell.swift in Sources */,
				109258DA1F2F34EF003B9B7B /* UsersListViewController.swift in Sources */,
				109258E91F2F395E003B9B7B /* StackUsersDataSource.swift in Sources */,
				109258E61F2F3938003B9B7B /* StackUser.swift in Sources */,
			);
			runOnlyForDeploymentPostprocessing = 0;
		};
		109258C41F2F3405003B9B7B /* Sources */ = {
			isa = PBXSourcesBuildPhase;
			buildActionMask = 2147483647;
			files = (
				109258CD1F2F3405003B9B7B /* TopStackTests.swift in Sources */,
			);
			runOnlyForDeploymentPostprocessing = 0;
		};
/* End PBXSourcesBuildPhase section */

/* Begin PBXTargetDependency section */
		109258CA1F2F3405003B9B7B /* PBXTargetDependency */ = {
			isa = PBXTargetDependency;
			target = 109258B31F2F3405003B9B7B /* TopStack */;
			targetProxy = 109258C91F2F3405003B9B7B /* PBXContainerItemProxy */;
		};
/* End PBXTargetDependency section */

/* Begin PBXVariantGroup section */
		109258BB1F2F3405003B9B7B /* Main.storyboard */ = {
			isa = PBXVariantGroup;
			children = (
				109258BC1F2F3405003B9B7B /* Base */,
			);
			name = Main.storyboard;
			sourceTree = "<group>";
		};
		109258C01F2F3405003B9B7B /* LaunchScreen.storyboard */ = {
			isa = PBXVariantGroup;
			children = (
				109258C11F2F3405003B9B7B /* Base */,
			);
			name = LaunchScreen.storyboard;
			sourceTree = "<group>";
		};
/* End PBXVariantGroup section */

/* Begin XCBuildConfiguration section */
		109258CF1F2F3405003B9B7B /* Debug */ = {
			isa = XCBuildConfiguration;
			buildSettings = {
				ALWAYS_SEARCH_USER_PATHS = NO;
				CLANG_ANALYZER_NONNULL = YES;
				CLANG_ANALYZER_NUMBER_OBJECT_CONVERSION = YES_AGGRESSIVE;
				CLANG_CXX_LANGUAGE_STANDARD = "gnu++0x";
				CLANG_CXX_LIBRARY = "libc++";
				CLANG_ENABLE_MODULES = YES;
				CLANG_ENABLE_OBJC_ARC = YES;
				CLANG_WARN_BOOL_CONVERSION = YES;
				CLANG_WARN_CONSTANT_CONVERSION = YES;
				CLANG_WARN_DIRECT_OBJC_ISA_USAGE = YES_ERROR;
				CLANG_WARN_DOCUMENTATION_COMMENTS = YES;
				CLANG_WARN_EMPTY_BODY = YES;
				CLANG_WARN_ENUM_CONVERSION = YES;
				CLANG_WARN_INFINITE_RECURSION = YES;
				CLANG_WARN_INT_CONVERSION = YES;
				CLANG_WARN_OBJC_ROOT_CLASS = YES_ERROR;
				CLANG_WARN_SUSPICIOUS_MOVE = YES;
				CLANG_WARN_UNREACHABLE_CODE = YES;
				CLANG_WARN__DUPLICATE_METHOD_MATCH = YES;
				"CODE_SIGN_IDENTITY[sdk=iphoneos*]" = "iPhone Developer";
				COPY_PHASE_STRIP = NO;
				DEBUG_INFORMATION_FORMAT = dwarf;
				ENABLE_STRICT_OBJC_MSGSEND = YES;
				ENABLE_TESTABILITY = YES;
				GCC_C_LANGUAGE_STANDARD = gnu99;
				GCC_DYNAMIC_NO_PIC = NO;
				GCC_NO_COMMON_BLOCKS = YES;
				GCC_OPTIMIZATION_LEVEL = 0;
				GCC_PREPROCESSOR_DEFINITIONS = (
					"DEBUG=1",
					"$(inherited)",
				);
				GCC_WARN_64_TO_32_BIT_CONVERSION = YES;
				GCC_WARN_ABOUT_RETURN_TYPE = YES_ERROR;
				GCC_WARN_UNDECLARED_SELECTOR = YES;
				GCC_WARN_UNINITIALIZED_AUTOS = YES_AGGRESSIVE;
				GCC_WARN_UNUSED_FUNCTION = YES;
				GCC_WARN_UNUSED_VARIABLE = YES;
				IPHONEOS_DEPLOYMENT_TARGET = 10.3;
				MTL_ENABLE_DEBUG_INFO = YES;
				ONLY_ACTIVE_ARCH = YES;
				SDKROOT = iphoneos;
				SWIFT_ACTIVE_COMPILATION_CONDITIONS = DEBUG;
				SWIFT_OPTIMIZATION_LEVEL = "-Onone";
			};
			name = Debug;
		};
		109258D01F2F3405003B9B7B /* Release */ = {
			isa = XCBuildConfiguration;
			buildSettings = {
				ALWAYS_SEARCH_USER_PATHS = NO;
				CLANG_ANALYZER_NONNULL = YES;
				CLANG_ANALYZER_NUMBER_OBJECT_CONVERSION = YES_AGGRESSIVE;
				CLANG_CXX_LANGUAGE_STANDARD = "gnu++0x";
				CLANG_CXX_LIBRARY = "libc++";
				CLANG_ENABLE_MODULES = YES;
				CLANG_ENABLE_OBJC_ARC = YES;
				CLANG_WARN_BOOL_CONVERSION = YES;
				CLANG_WARN_CONSTANT_CONVERSION = YES;
				CLANG_WARN_DIRECT_OBJC_ISA_USAGE = YES_ERROR;
				CLANG_WARN_DOCUMENTATION_COMMENTS = YES;
				CLANG_WARN_EMPTY_BODY = YES;
				CLANG_WARN_ENUM_CONVERSION = YES;
				CLANG_WARN_INFINITE_RECURSION = YES;
				CLANG_WARN_INT_CONVERSION = YES;
				CLANG_WARN_OBJC_ROOT_CLASS = YES_ERROR;
				CLANG_WARN_SUSPICIOUS_MOVE = YES;
				CLANG_WARN_UNREACHABLE_CODE = YES;
				CLANG_WARN__DUPLICATE_METHOD_MATCH = YES;
				"CODE_SIGN_IDENTITY[sdk=iphoneos*]" = "iPhone Developer";
				COPY_PHASE_STRIP = NO;
				DEBUG_INFORMATION_FORMAT = "dwarf-with-dsym";
				ENABLE_NS_ASSERTIONS = NO;
				ENABLE_STRICT_OBJC_MSGSEND = YES;
				GCC_C_LANGUAGE_STANDARD = gnu99;
				GCC_NO_COMMON_BLOCKS = YES;
				GCC_WARN_64_TO_32_BIT_CONVERSION = YES;
				GCC_WARN_ABOUT_RETURN_TYPE = YES_ERROR;
				GCC_WARN_UNDECLARED_SELECTOR = YES;
				GCC_WARN_UNINITIALIZED_AUTOS = YES_AGGRESSIVE;
				GCC_WARN_UNUSED_FUNCTION = YES;
				GCC_WARN_UNUSED_VARIABLE = YES;
				IPHONEOS_DEPLOYMENT_TARGET = 10.3;
				MTL_ENABLE_DEBUG_INFO = NO;
				SDKROOT = iphoneos;
				SWIFT_OPTIMIZATION_LEVEL = "-Owholemodule";
				VALIDATE_PRODUCT = YES;
			};
			name = Release;
		};
		109258D21F2F3405003B9B7B /* Debug */ = {
			isa = XCBuildConfiguration;
			buildSettings = {
				ASSETCATALOG_COMPILER_APPICON_NAME = AppIcon;
				DEVELOPMENT_TEAM = MXD8E5FVZ4;
				INFOPLIST_FILE = TopStack/Info.plist;
				LD_RUNPATH_SEARCH_PATHS = "$(inherited) @executable_path/Frameworks";
				PRODUCT_BUNDLE_IDENTIFIER = com.mikegilroy.TopStack;
				PRODUCT_NAME = "$(TARGET_NAME)";
				SWIFT_VERSION = 3.0;
			};
			name = Debug;
		};
		109258D31F2F3405003B9B7B /* Release */ = {
			isa = XCBuildConfiguration;
			buildSettings = {
				ASSETCATALOG_COMPILER_APPICON_NAME = AppIcon;
				DEVELOPMENT_TEAM = MXD8E5FVZ4;
				INFOPLIST_FILE = TopStack/Info.plist;
				LD_RUNPATH_SEARCH_PATHS = "$(inherited) @executable_path/Frameworks";
				PRODUCT_BUNDLE_IDENTIFIER = com.mikegilroy.TopStack;
				PRODUCT_NAME = "$(TARGET_NAME)";
				SWIFT_VERSION = 3.0;
			};
			name = Release;
		};
		109258D51F2F3405003B9B7B /* Debug */ = {
			isa = XCBuildConfiguration;
			buildSettings = {
				ALWAYS_EMBED_SWIFT_STANDARD_LIBRARIES = YES;
				BUNDLE_LOADER = "$(TEST_HOST)";
				DEVELOPMENT_TEAM = MXD8E5FVZ4;
				INFOPLIST_FILE = TopStackTests/Info.plist;
				LD_RUNPATH_SEARCH_PATHS = "$(inherited) @executable_path/Frameworks @loader_path/Frameworks";
				PRODUCT_BUNDLE_IDENTIFIER = com.mikegilroy.TopStackTests;
				PRODUCT_NAME = "$(TARGET_NAME)";
				SWIFT_VERSION = 3.0;
				TEST_HOST = "$(BUILT_PRODUCTS_DIR)/TopStack.app/TopStack";
			};
			name = Debug;
		};
		109258D61F2F3405003B9B7B /* Release */ = {
			isa = XCBuildConfiguration;
			buildSettings = {
				ALWAYS_EMBED_SWIFT_STANDARD_LIBRARIES = YES;
				BUNDLE_LOADER = "$(TEST_HOST)";
				DEVELOPMENT_TEAM = MXD8E5FVZ4;
				INFOPLIST_FILE = TopStackTests/Info.plist;
				LD_RUNPATH_SEARCH_PATHS = "$(inherited) @executable_path/Frameworks @loader_path/Frameworks";
				PRODUCT_BUNDLE_IDENTIFIER = com.mikegilroy.TopStackTests;
				PRODUCT_NAME = "$(TARGET_NAME)";
				SWIFT_VERSION = 3.0;
				TEST_HOST = "$(BUILT_PRODUCTS_DIR)/TopStack.app/TopStack";
			};
			name = Release;
		};
/* End XCBuildConfiguration section */

/* Begin XCConfigurationList section */
		109258AF1F2F3405003B9B7B /* Build configuration list for PBXProject "TopStack" */ = {
			isa = XCConfigurationList;
			buildConfigurations = (
				109258CF1F2F3405003B9B7B /* Debug */,
				109258D01F2F3405003B9B7B /* Release */,
			);
			defaultConfigurationIsVisible = 0;
			defaultConfigurationName = Release;
		};
		109258D11F2F3405003B9B7B /* Build configuration list for PBXNativeTarget "TopStack" */ = {
			isa = XCConfigurationList;
			buildConfigurations = (
				109258D21F2F3405003B9B7B /* Debug */,
				109258D31F2F3405003B9B7B /* Release */,
			);
			defaultConfigurationIsVisible = 0;
		};
		109258D41F2F3405003B9B7B /* Build configuration list for PBXNativeTarget "TopStackTests" */ = {
			isa = XCConfigurationList;
			buildConfigurations = (
				109258D51F2F3405003B9B7B /* Debug */,
				109258D61F2F3405003B9B7B /* Release */,
			);
			defaultConfigurationIsVisible = 0;
		};
/* End XCConfigurationList section */
	};
	rootObject = 109258AC1F2F3405003B9B7B /* Project object */;
}
